
Microsoft Visual Studio Solution File, Format Version 12.00
# Visual Studio Version 17
VisualStudioVersion = 17.14.36603.0 d17.14
MinimumVisualStudioVersion = 10.0.40219.1
Project("{FAE04EC0-301F-11D3-BF4B-00C04F79EFBC}") = "Practica2PatronStrategy", "Practica2PatronStrategy.csproj", "{619F098C-3115-44FC-B7FA-6FC5AD0F6EB1}"
EndProject
Global
	GlobalSection(SolutionConfigurationPlatforms) = preSolution
		Debug|Any CPU = Debug|Any CPU
		Release|Any CPU = Release|Any CPU
	EndGlobalSection
	GlobalSection(ProjectConfigurationPlatforms) = postSolution
		{619F098C-3115-44FC-B7FA-6FC5AD0F6EB1}.Debug|Any CPU.ActiveCfg = Debug|Any CPU
		{619F098C-3115-44FC-B7FA-6FC5AD0F6EB1}.Debug|Any CPU.Build.0 = Debug|Any CPU
		{619F098C-3115-44FC-B7FA-6FC5AD0F6EB1}.Release|Any CPU.ActiveCfg = Release|Any CPU
		{619F098C-3115-44FC-B7FA-6FC5AD0F6EB1}.Release|Any CPU.Build.0 = Release|Any CPU
	EndGlobalSection
	GlobalSection(SolutionProperties) = preSolution
		HideSolutionNode = FALSE
	EndGlobalSection
	GlobalSection(ExtensibilityGlobals) = postSolution
		SolutionGuid = {957C5083-8680-48C7-8057-74C73C463CCC}
	EndGlobalSection
EndGlobal
